// !$*UTF8*$!
{
	archiveVersion = 1;
	classes = {
	};
	objectVersion = 51;
	objects = {

/* Begin PBXBuildFile section */
		A538F64CC54F126D8C19B6B1 /* Pods_CurrencyCalculator.framework in Frameworks */ = {isa = PBXBuildFile; fileRef = CE56B120EEF8DF14F2B4595B /* Pods_CurrencyCalculator.framework */; };
		A80B8BC6265A423600904012 /* AppDelegate.swift in Sources */ = {isa = PBXBuildFile; fileRef = A80B8BC5265A423600904012 /* AppDelegate.swift */; };
		A80B8BC8265A423600904012 /* SceneDelegate.swift in Sources */ = {isa = PBXBuildFile; fileRef = A80B8BC7265A423600904012 /* SceneDelegate.swift */; };
		A80B8BCA265A423600904012 /* SearchTableViewController.swift in Sources */ = {isa = PBXBuildFile; fileRef = A80B8BC9265A423600904012 /* SearchTableViewController.swift */; };
		A80B8BCD265A423600904012 /* Main.storyboard in Resources */ = {isa = PBXBuildFile; fileRef = A80B8BCB265A423600904012 /* Main.storyboard */; };
		A80B8BCF265A423800904012 /* Assets.xcassets in Resources */ = {isa = PBXBuildFile; fileRef = A80B8BCE265A423800904012 /* Assets.xcassets */; };
		A80B8BD2265A423800904012 /* LaunchScreen.storyboard in Resources */ = {isa = PBXBuildFile; fileRef = A80B8BD0265A423800904012 /* LaunchScreen.storyboard */; };
		A80B8BE3265A4AD000904012 /* SearchTableViewCell.swift in Sources */ = {isa = PBXBuildFile; fileRef = A80B8BE2265A4AD000904012 /* SearchTableViewCell.swift */; };
		A80B8BE7265A4E4600904012 /* APIService.swift in Sources */ = {isa = PBXBuildFile; fileRef = A80B8BE6265A4E4600904012 /* APIService.swift */; };
		A80B8BEC265A4FF900904012 /* SearchResults.swift in Sources */ = {isa = PBXBuildFile; fileRef = A80B8BEB265A4FF900904012 /* SearchResults.swift */; };
		A80B8BF1265A68BC00904012 /* SearchPlaceHolderView.swift in Sources */ = {isa = PBXBuildFile; fileRef = A80B8BF0265A68BC00904012 /* SearchPlaceHolderView.swift */; };
		A80B8BF5265A6F7200904012 /* ProgressAnimation.swift in Sources */ = {isa = PBXBuildFile; fileRef = A80B8BF4265A6F7200904012 /* ProgressAnimation.swift */; };
		A80B8BFA265A968700904012 /* TimeSeriesMounthlyAdjusted.swift in Sources */ = {isa = PBXBuildFile; fileRef = A80B8BF9265A968700904012 /* TimeSeriesMounthlyAdjusted.swift */; };
		A80B8BFD265ABB5900904012 /* CalculatorTableViewController.swift in Sources */ = {isa = PBXBuildFile; fileRef = A80B8BFC265ABB5900904012 /* CalculatorTableViewController.swift */; };
		A80B8C00265ABCB300904012 /* Asset.swift in Sources */ = {isa = PBXBuildFile; fileRef = A80B8BFF265ABCB300904012 /* Asset.swift */; };
		A80B8C04265AD5A300904012 /* String+Extension.swift in Sources */ = {isa = PBXBuildFile; fileRef = A80B8C03265AD5A300904012 /* String+Extension.swift */; };
		A81EB467265BAA97004096CE /* TextField+Extensions.swift in Sources */ = {isa = PBXBuildFile; fileRef = A81EB466265BAA97004096CE /* TextField+Extensions.swift */; };
		A81EB46A265BB30F004096CE /* DateSelectionTableViewController.swift in Sources */ = {isa = PBXBuildFile; fileRef = A81EB469265BB30F004096CE /* DateSelectionTableViewController.swift */; };
		A81EB46D265BB378004096CE /* DateSelectionTableViewCell.swift in Sources */ = {isa = PBXBuildFile; fileRef = A81EB46C265BB378004096CE /* DateSelectionTableViewCell.swift */; };
		A81EB473265BBE0C004096CE /* Date+Extensions.swift in Sources */ = {isa = PBXBuildFile; fileRef = A81EB472265BBE0C004096CE /* Date+Extensions.swift */; };
/* End PBXBuildFile section */

/* Begin PBXFileReference section */
		64B91D6113CD1E2664C1D0BF /* Pods-CurrencyCalculator.debug.xcconfig */ = {isa = PBXFileReference; includeInIndex = 1; lastKnownFileType = text.xcconfig; name = "Pods-CurrencyCalculator.debug.xcconfig"; path = "Target Support Files/Pods-CurrencyCalculator/Pods-CurrencyCalculator.debug.xcconfig"; sourceTree = "<group>"; };
		A80B8BC2265A423600904012 /* CurrencyCalculator.app */ = {isa = PBXFileReference; explicitFileType = wrapper.application; includeInIndex = 0; path = CurrencyCalculator.app; sourceTree = BUILT_PRODUCTS_DIR; };
		A80B8BC5265A423600904012 /* AppDelegate.swift */ = {isa = PBXFileReference; lastKnownFileType = sourcecode.swift; path = AppDelegate.swift; sourceTree = "<group>"; };
		A80B8BC7265A423600904012 /* SceneDelegate.swift */ = {isa = PBXFileReference; lastKnownFileType = sourcecode.swift; path = SceneDelegate.swift; sourceTree = "<group>"; };
		A80B8BC9265A423600904012 /* SearchTableViewController.swift */ = {isa = PBXFileReference; lastKnownFileType = sourcecode.swift; path = SearchTableViewController.swift; sourceTree = "<group>"; };
		A80B8BCC265A423600904012 /* Base */ = {isa = PBXFileReference; lastKnownFileType = file.storyboard; name = Base; path = Base.lproj/Main.storyboard; sourceTree = "<group>"; };
		A80B8BCE265A423800904012 /* Assets.xcassets */ = {isa = PBXFileReference; lastKnownFileType = folder.assetcatalog; path = Assets.xcassets; sourceTree = "<group>"; };
		A80B8BD1265A423800904012 /* Base */ = {isa = PBXFileReference; lastKnownFileType = file.storyboard; name = Base; path = Base.lproj/LaunchScreen.storyboard; sourceTree = "<group>"; };
		A80B8BD3265A423800904012 /* Info.plist */ = {isa = PBXFileReference; lastKnownFileType = text.plist.xml; path = Info.plist; sourceTree = "<group>"; };
		A80B8BE2265A4AD000904012 /* SearchTableViewCell.swift */ = {isa = PBXFileReference; lastKnownFileType = sourcecode.swift; path = SearchTableViewCell.swift; sourceTree = "<group>"; };
		A80B8BE6265A4E4600904012 /* APIService.swift */ = {isa = PBXFileReference; lastKnownFileType = sourcecode.swift; path = APIService.swift; sourceTree = "<group>"; };
		A80B8BEB265A4FF900904012 /* SearchResults.swift */ = {isa = PBXFileReference; lastKnownFileType = sourcecode.swift; path = SearchResults.swift; sourceTree = "<group>"; };
		A80B8BF0265A68BC00904012 /* SearchPlaceHolderView.swift */ = {isa = PBXFileReference; lastKnownFileType = sourcecode.swift; path = SearchPlaceHolderView.swift; sourceTree = "<group>"; };
		A80B8BF4265A6F7200904012 /* ProgressAnimation.swift */ = {isa = PBXFileReference; lastKnownFileType = sourcecode.swift; path = ProgressAnimation.swift; sourceTree = "<group>"; };
		A80B8BF9265A968700904012 /* TimeSeriesMounthlyAdjusted.swift */ = {isa = PBXFileReference; lastKnownFileType = sourcecode.swift; path = TimeSeriesMounthlyAdjusted.swift; sourceTree = "<group>"; };
		A80B8BFC265ABB5900904012 /* CalculatorTableViewController.swift */ = {isa = PBXFileReference; lastKnownFileType = sourcecode.swift; path = CalculatorTableViewController.swift; sourceTree = "<group>"; };
		A80B8BFF265ABCB300904012 /* Asset.swift */ = {isa = PBXFileReference; lastKnownFileType = sourcecode.swift; path = Asset.swift; sourceTree = "<group>"; };
		A80B8C03265AD5A300904012 /* String+Extension.swift */ = {isa = PBXFileReference; lastKnownFileType = sourcecode.swift; path = "String+Extension.swift"; sourceTree = "<group>"; };
		A81EB466265BAA97004096CE /* TextField+Extensions.swift */ = {isa = PBXFileReference; lastKnownFileType = sourcecode.swift; path = "TextField+Extensions.swift"; sourceTree = "<group>"; };
		A81EB469265BB30F004096CE /* DateSelectionTableViewController.swift */ = {isa = PBXFileReference; lastKnownFileType = sourcecode.swift; path = DateSelectionTableViewController.swift; sourceTree = "<group>"; };
		A81EB46C265BB378004096CE /* DateSelectionTableViewCell.swift */ = {isa = PBXFileReference; lastKnownFileType = sourcecode.swift; path = DateSelectionTableViewCell.swift; sourceTree = "<group>"; };
		A81EB472265BBE0C004096CE /* Date+Extensions.swift */ = {isa = PBXFileReference; lastKnownFileType = sourcecode.swift; path = "Date+Extensions.swift"; sourceTree = "<group>"; };
		CE56B120EEF8DF14F2B4595B /* Pods_CurrencyCalculator.framework */ = {isa = PBXFileReference; explicitFileType = wrapper.framework; includeInIndex = 0; path = Pods_CurrencyCalculator.framework; sourceTree = BUILT_PRODUCTS_DIR; };
		D31595A46D4BBFCE2218CEC2 /* Pods-CurrencyCalculator.release.xcconfig */ = {isa = PBXFileReference; includeInIndex = 1; lastKnownFileType = text.xcconfig; name = "Pods-CurrencyCalculator.release.xcconfig"; path = "Target Support Files/Pods-CurrencyCalculator/Pods-CurrencyCalculator.release.xcconfig"; sourceTree = "<group>"; };
/* End PBXFileReference section */

/* Begin PBXFrameworksBuildPhase section */
		A80B8BBF265A423600904012 /* Frameworks */ = {
			isa = PBXFrameworksBuildPhase;
			buildActionMask = 2147483647;
			files = (
				A538F64CC54F126D8C19B6B1 /* Pods_CurrencyCalculator.framework in Frameworks */,
			);
			runOnlyForDeploymentPostprocessing = 0;
		};
/* End PBXFrameworksBuildPhase section */

/* Begin PBXGroup section */
		4675BED8E82D528E1DC47426 /* Frameworks */ = {
			isa = PBXGroup;
			children = (
				CE56B120EEF8DF14F2B4595B /* Pods_CurrencyCalculator.framework */,
			);
			name = Frameworks;
			sourceTree = "<group>";
		};
		908E5A27491BC5BB939256C4 /* Pods */ = {
			isa = PBXGroup;
			children = (
				64B91D6113CD1E2664C1D0BF /* Pods-CurrencyCalculator.debug.xcconfig */,
				D31595A46D4BBFCE2218CEC2 /* Pods-CurrencyCalculator.release.xcconfig */,
			);
			path = Pods;
			sourceTree = "<group>";
		};
		A80B8BB9265A423500904012 = {
			isa = PBXGroup;
			children = (
				A80B8BC4265A423600904012 /* CurrencyCalculator */,
				A80B8BC3265A423600904012 /* Products */,
				908E5A27491BC5BB939256C4 /* Pods */,
				4675BED8E82D528E1DC47426 /* Frameworks */,
			);
			sourceTree = "<group>";
		};
		A80B8BC3265A423600904012 /* Products */ = {
			isa = PBXGroup;
			children = (
				A80B8BC2265A423600904012 /* CurrencyCalculator.app */,
			);
			name = Products;
			sourceTree = "<group>";
		};
		A80B8BC4265A423600904012 /* CurrencyCalculator */ = {
			isa = PBXGroup;
			children = (
				A80B8C02265AD59400904012 /* Extension */,
				A80B8BF3265A6F6000904012 /* ProgressCircle */,
				A80B8BEA265A4FDA00904012 /* Model */,
				A80B8BE5265A4E2D00904012 /* Service */,
				A80B8BE1265A4AA400904012 /* Controller */,
				A80B8BE0265A4A9500904012 /* View */,
				A80B8BC5265A423600904012 /* AppDelegate.swift */,
				A80B8BC7265A423600904012 /* SceneDelegate.swift */,
				A80B8BCE265A423800904012 /* Assets.xcassets */,
				A80B8BD3265A423800904012 /* Info.plist */,
			);
			path = CurrencyCalculator;
			sourceTree = "<group>";
		};
		A80B8BE0265A4A9500904012 /* View */ = {
			isa = PBXGroup;
			children = (
				A80B8BD0265A423800904012 /* LaunchScreen.storyboard */,
				A80B8BCB265A423600904012 /* Main.storyboard */,
				A80B8BE2265A4AD000904012 /* SearchTableViewCell.swift */,
				A80B8BF0265A68BC00904012 /* SearchPlaceHolderView.swift */,
				A81EB46C265BB378004096CE /* DateSelectionTableViewCell.swift */,
			);
			path = View;
			sourceTree = "<group>";
		};
		A80B8BE1265A4AA400904012 /* Controller */ = {
			isa = PBXGroup;
			children = (
				A80B8BC9265A423600904012 /* SearchTableViewController.swift */,
				A80B8BFC265ABB5900904012 /* CalculatorTableViewController.swift */,
				A81EB469265BB30F004096CE /* DateSelectionTableViewController.swift */,
			);
			path = Controller;
			sourceTree = "<group>";
		};
		A80B8BE5265A4E2D00904012 /* Service */ = {
			isa = PBXGroup;
			children = (
				A80B8BE6265A4E4600904012 /* APIService.swift */,
			);
			path = Service;
			sourceTree = "<group>";
		};
		A80B8BEA265A4FDA00904012 /* Model */ = {
			isa = PBXGroup;
			children = (
				A80B8BEB265A4FF900904012 /* SearchResults.swift */,
				A80B8BF9265A968700904012 /* TimeSeriesMounthlyAdjusted.swift */,
				A80B8BFF265ABCB300904012 /* Asset.swift */,
			);
			path = Model;
			sourceTree = "<group>";
		};
		A80B8BF3265A6F6000904012 /* ProgressCircle */ = {
			isa = PBXGroup;
			children = (
				A80B8BF4265A6F7200904012 /* ProgressAnimation.swift */,
			);
			path = ProgressCircle;
			sourceTree = "<group>";
		};
		A80B8C02265AD59400904012 /* Extension */ = {
			isa = PBXGroup;
			children = (
				A80B8C03265AD5A300904012 /* String+Extension.swift */,
				A81EB466265BAA97004096CE /* TextField+Extensions.swift */,
				A81EB472265BBE0C004096CE /* Date+Extensions.swift */,
			);
			path = Extension;
			sourceTree = "<group>";
		};
/* End PBXGroup section */

/* Begin PBXNativeTarget section */
		A80B8BC1265A423600904012 /* CurrencyCalculator */ = {
			isa = PBXNativeTarget;
			buildConfigurationList = A80B8BD6265A423800904012 /* Build configuration list for PBXNativeTarget "CurrencyCalculator" */;
			buildPhases = (
				67239B5F299F9E4B76ACADB4 /* [CP] Check Pods Manifest.lock */,
				A80B8BBE265A423600904012 /* Sources */,
				A80B8BBF265A423600904012 /* Frameworks */,
				A80B8BC0265A423600904012 /* Resources */,
				6E9ACBC5B53F2C49E90BA986 /* [CP] Embed Pods Frameworks */,
			);
			buildRules = (
			);
			dependencies = (
			);
			name = CurrencyCalculator;
			productName = CurrencyCalculator;
			productReference = A80B8BC2265A423600904012 /* CurrencyCalculator.app */;
			productType = "com.apple.product-type.application";
		};
/* End PBXNativeTarget section */

/* Begin PBXProject section */
		A80B8BBA265A423500904012 /* Project object */ = {
			isa = PBXProject;
			attributes = {
				LastSwiftUpdateCheck = 1200;
				LastUpgradeCheck = 1200;
				TargetAttributes = {
					A80B8BC1265A423600904012 = {
						CreatedOnToolsVersion = 12.0.1;
					};
				};
			};
			buildConfigurationList = A80B8BBD265A423500904012 /* Build configuration list for PBXProject "CurrencyCalculator" */;
			compatibilityVersion = "Xcode 9.3";
			developmentRegion = en;
			hasScannedForEncodings = 0;
			knownRegions = (
				en,
				Base,
			);
			mainGroup = A80B8BB9265A423500904012;
			productRefGroup = A80B8BC3265A423600904012 /* Products */;
			projectDirPath = "";
			projectRoot = "";
			targets = (
				A80B8BC1265A423600904012 /* CurrencyCalculator */,
			);
		};
/* End PBXProject section */

/* Begin PBXResourcesBuildPhase section */
		A80B8BC0265A423600904012 /* Resources */ = {
			isa = PBXResourcesBuildPhase;
			buildActionMask = 2147483647;
			files = (
				A80B8BD2265A423800904012 /* LaunchScreen.storyboard in Resources */,
				A80B8BCF265A423800904012 /* Assets.xcassets in Resources */,
				A80B8BCD265A423600904012 /* Main.storyboard in Resources */,
			);
			runOnlyForDeploymentPostprocessing = 0;
		};
/* End PBXResourcesBuildPhase section */

/* Begin PBXShellScriptBuildPhase section */
		67239B5F299F9E4B76ACADB4 /* [CP] Check Pods Manifest.lock */ = {
			isa = PBXShellScriptBuildPhase;
			buildActionMask = 2147483647;
			files = (
			);
			inputFileListPaths = (
			);
			inputPaths = (
				"${PODS_PODFILE_DIR_PATH}/Podfile.lock",
				"${PODS_ROOT}/Manifest.lock",
			);
			name = "[CP] Check Pods Manifest.lock";
			outputFileListPaths = (
			);
			outputPaths = (
				"$(DERIVED_FILE_DIR)/Pods-CurrencyCalculator-checkManifestLockResult.txt",
			);
			runOnlyForDeploymentPostprocessing = 0;
			shellPath = /bin/sh;
			shellScript = "diff \"${PODS_PODFILE_DIR_PATH}/Podfile.lock\" \"${PODS_ROOT}/Manifest.lock\" > /dev/null\nif [ $? != 0 ] ; then\n    # print error to STDERR\n    echo \"error: The sandbox is not in sync with the Podfile.lock. Run 'pod install' or update your CocoaPods installation.\" >&2\n    exit 1\nfi\n# This output is used by Xcode 'outputs' to avoid re-running this script phase.\necho \"SUCCESS\" > \"${SCRIPT_OUTPUT_FILE_0}\"\n";
			showEnvVarsInLog = 0;
		};
		6E9ACBC5B53F2C49E90BA986 /* [CP] Embed Pods Frameworks */ = {
			isa = PBXShellScriptBuildPhase;
			buildActionMask = 2147483647;
			files = (
			);
			inputFileListPaths = (
				"${PODS_ROOT}/Target Support Files/Pods-CurrencyCalculator/Pods-CurrencyCalculator-frameworks-${CONFIGURATION}-input-files.xcfilelist",
			);
			name = "[CP] Embed Pods Frameworks";
			outputFileListPaths = (
				"${PODS_ROOT}/Target Support Files/Pods-CurrencyCalculator/Pods-CurrencyCalculator-frameworks-${CONFIGURATION}-output-files.xcfilelist",
			);
			runOnlyForDeploymentPostprocessing = 0;
			shellPath = /bin/sh;
			shellScript = "\"${PODS_ROOT}/Target Support Files/Pods-CurrencyCalculator/Pods-CurrencyCalculator-frameworks.sh\"\n";
			showEnvVarsInLog = 0;
		};
/* End PBXShellScriptBuildPhase section */

/* Begin PBXSourcesBuildPhase section */
		A80B8BBE265A423600904012 /* Sources */ = {
			isa = PBXSourcesBuildPhase;
			buildActionMask = 2147483647;
			files = (
				A81EB46A265BB30F004096CE /* DateSelectionTableViewController.swift in Sources */,
				A80B8BCA265A423600904012 /* SearchTableViewController.swift in Sources */,
				A80B8BE7265A4E4600904012 /* APIService.swift in Sources */,
				A80B8BFA265A968700904012 /* TimeSeriesMounthlyAdjusted.swift in Sources */,
				A80B8C00265ABCB300904012 /* Asset.swift in Sources */,
				A80B8C04265AD5A300904012 /* String+Extension.swift in Sources */,
				A80B8BFD265ABB5900904012 /* CalculatorTableViewController.swift in Sources */,
				A81EB467265BAA97004096CE /* TextField+Extensions.swift in Sources */,
				A80B8BF1265A68BC00904012 /* SearchPlaceHolderView.swift in Sources */,
				A81EB473265BBE0C004096CE /* Date+Extensions.swift in Sources */,
				A80B8BE3265A4AD000904012 /* SearchTableViewCell.swift in Sources */,
				A80B8BC6265A423600904012 /* AppDelegate.swift in Sources */,
				A81EB46D265BB378004096CE /* DateSelectionTableViewCell.swift in Sources */,
				A80B8BEC265A4FF900904012 /* SearchResults.swift in Sources */,
				A80B8BC8265A423600904012 /* SceneDelegate.swift in Sources */,
				A80B8BF5265A6F7200904012 /* ProgressAnimation.swift in Sources */,
			);
			runOnlyForDeploymentPostprocessing = 0;
		};
/* End PBXSourcesBuildPhase section */

/* Begin PBXVariantGroup section */
		A80B8BCB265A423600904012 /* Main.storyboard */ = {
			isa = PBXVariantGroup;
			children = (
				A80B8BCC265A423600904012 /* Base */,
			);
			name = Main.storyboard;
			sourceTree = "<group>";
		};
		A80B8BD0265A423800904012 /* LaunchScreen.storyboard */ = {
			isa = PBXVariantGroup;
			children = (
				A80B8BD1265A423800904012 /* Base */,
			);
			name = LaunchScreen.storyboard;
			sourceTree = "<group>";
		};
/* End PBXVariantGroup section */

/* Begin XCBuildConfiguration section */
		A80B8BD4265A423800904012 /* Debug */ = {
			isa = XCBuildConfiguration;
			buildSettings = {
				ALWAYS_SEARCH_USER_PATHS = NO;
				CLANG_ANALYZER_NONNULL = YES;
				CLANG_ANALYZER_NUMBER_OBJECT_CONVERSION = YES_AGGRESSIVE;
				CLANG_CXX_LANGUAGE_STANDARD = "gnu++14";
				CLANG_CXX_LIBRARY = "libc++";
				CLANG_ENABLE_MODULES = YES;
				CLANG_ENABLE_OBJC_ARC = YES;
				CLANG_ENABLE_OBJC_WEAK = YES;
				CLANG_WARN_BLOCK_CAPTURE_AUTORELEASING = YES;
				CLANG_WARN_BOOL_CONVERSION = YES;
				CLANG_WARN_COMMA = YES;
				CLANG_WARN_CONSTANT_CONVERSION = YES;
				CLANG_WARN_DEPRECATED_OBJC_IMPLEMENTATIONS = YES;
				CLANG_WARN_DIRECT_OBJC_ISA_USAGE = YES_ERROR;
				CLANG_WARN_DOCUMENTATION_COMMENTS = YES;
				CLANG_WARN_EMPTY_BODY = YES;
				CLANG_WARN_ENUM_CONVERSION = YES;
				CLANG_WARN_INFINITE_RECURSION = YES;
				CLANG_WARN_INT_CONVERSION = YES;
				CLANG_WARN_NON_LITERAL_NULL_CONVERSION = YES;
				CLANG_WARN_OBJC_IMPLICIT_RETAIN_SELF = YES;
				CLANG_WARN_OBJC_LITERAL_CONVERSION = YES;
				CLANG_WARN_OBJC_ROOT_CLASS = YES_ERROR;
				CLANG_WARN_QUOTED_INCLUDE_IN_FRAMEWORK_HEADER = YES;
				CLANG_WARN_RANGE_LOOP_ANALYSIS = YES;
				CLANG_WARN_STRICT_PROTOTYPES = YES;
				CLANG_WARN_SUSPICIOUS_MOVE = YES;
				CLANG_WARN_UNGUARDED_AVAILABILITY = YES_AGGRESSIVE;
				CLANG_WARN_UNREACHABLE_CODE = YES;
				CLANG_WARN__DUPLICATE_METHOD_MATCH = YES;
				COPY_PHASE_STRIP = NO;
				DEBUG_INFORMATION_FORMAT = dwarf;
				ENABLE_STRICT_OBJC_MSGSEND = YES;
				ENABLE_TESTABILITY = YES;
				GCC_C_LANGUAGE_STANDARD = gnu11;
				GCC_DYNAMIC_NO_PIC = NO;
				GCC_NO_COMMON_BLOCKS = YES;
				GCC_OPTIMIZATION_LEVEL = 0;
				GCC_PREPROCESSOR_DEFINITIONS = (
					"DEBUG=1",
					"$(inherited)",
				);
				GCC_WARN_64_TO_32_BIT_CONVERSION = YES;
				GCC_WARN_ABOUT_RETURN_TYPE = YES_ERROR;
				GCC_WARN_UNDECLARED_SELECTOR = YES;
				GCC_WARN_UNINITIALIZED_AUTOS = YES_AGGRESSIVE;
				GCC_WARN_UNUSED_FUNCTION = YES;
				GCC_WARN_UNUSED_VARIABLE = YES;
				IPHONEOS_DEPLOYMENT_TARGET = 14.0;
				MTL_ENABLE_DEBUG_INFO = INCLUDE_SOURCE;
				MTL_FAST_MATH = YES;
				ONLY_ACTIVE_ARCH = YES;
				SDKROOT = iphoneos;
				SWIFT_ACTIVE_COMPILATION_CONDITIONS = DEBUG;
				SWIFT_OPTIMIZATION_LEVEL = "-Onone";
			};
			name = Debug;
		};
		A80B8BD5265A423800904012 /* Release */ = {
			isa = XCBuildConfiguration;
			buildSettings = {
				ALWAYS_SEARCH_USER_PATHS = NO;
				CLANG_ANALYZER_NONNULL = YES;
				CLANG_ANALYZER_NUMBER_OBJECT_CONVERSION = YES_AGGRESSIVE;
				CLANG_CXX_LANGUAGE_STANDARD = "gnu++14";
				CLANG_CXX_LIBRARY = "libc++";
				CLANG_ENABLE_MODULES = YES;
				CLANG_ENABLE_OBJC_ARC = YES;
				CLANG_ENABLE_OBJC_WEAK = YES;
				CLANG_WARN_BLOCK_CAPTURE_AUTORELEASING = YES;
				CLANG_WARN_BOOL_CONVERSION = YES;
				CLANG_WARN_COMMA = YES;
				CLANG_WARN_CONSTANT_CONVERSION = YES;
				CLANG_WARN_DEPRECATED_OBJC_IMPLEMENTATIONS = YES;
				CLANG_WARN_DIRECT_OBJC_ISA_USAGE = YES_ERROR;
				CLANG_WARN_DOCUMENTATION_COMMENTS = YES;
				CLANG_WARN_EMPTY_BODY = YES;
				CLANG_WARN_ENUM_CONVERSION = YES;
				CLANG_WARN_INFINITE_RECURSION = YES;
				CLANG_WARN_INT_CONVERSION = YES;
				CLANG_WARN_NON_LITERAL_NULL_CONVERSION = YES;
				CLANG_WARN_OBJC_IMPLICIT_RETAIN_SELF = YES;
				CLANG_WARN_OBJC_LITERAL_CONVERSION = YES;
				CLANG_WARN_OBJC_ROOT_CLASS = YES_ERROR;
				CLANG_WARN_QUOTED_INCLUDE_IN_FRAMEWORK_HEADER = YES;
				CLANG_WARN_RANGE_LOOP_ANALYSIS = YES;
				CLANG_WARN_STRICT_PROTOTYPES = YES;
				CLANG_WARN_SUSPICIOUS_MOVE = YES;
				CLANG_WARN_UNGUARDED_AVAILABILITY = YES_AGGRESSIVE;
				CLANG_WARN_UNREACHABLE_CODE = YES;
				CLANG_WARN__DUPLICATE_METHOD_MATCH = YES;
				COPY_PHASE_STRIP = NO;
				DEBUG_INFORMATION_FORMAT = "dwarf-with-dsym";
				ENABLE_NS_ASSERTIONS = NO;
				ENABLE_STRICT_OBJC_MSGSEND = YES;
				GCC_C_LANGUAGE_STANDARD = gnu11;
				GCC_NO_COMMON_BLOCKS = YES;
				GCC_WARN_64_TO_32_BIT_CONVERSION = YES;
				GCC_WARN_ABOUT_RETURN_TYPE = YES_ERROR;
				GCC_WARN_UNDECLARED_SELECTOR = YES;
				GCC_WARN_UNINITIALIZED_AUTOS = YES_AGGRESSIVE;
				GCC_WARN_UNUSED_FUNCTION = YES;
				GCC_WARN_UNUSED_VARIABLE = YES;
				IPHONEOS_DEPLOYMENT_TARGET = 14.0;
				MTL_ENABLE_DEBUG_INFO = NO;
				MTL_FAST_MATH = YES;
				SDKROOT = iphoneos;
				SWIFT_COMPILATION_MODE = wholemodule;
				SWIFT_OPTIMIZATION_LEVEL = "-O";
				VALIDATE_PRODUCT = YES;
			};
			name = Release;
		};
		A80B8BD7265A423800904012 /* Debug */ = {
			isa = XCBuildConfiguration;
			baseConfigurationReference = 64B91D6113CD1E2664C1D0BF /* Pods-CurrencyCalculator.debug.xcconfig */;
			buildSettings = {
				ASSETCATALOG_COMPILER_APPICON_NAME = AppIcon;
				ASSETCATALOG_COMPILER_GLOBAL_ACCENT_COLOR_NAME = AccentColor;
				CODE_SIGN_STYLE = Automatic;
				DEVELOPMENT_TEAM = ZDG25F63H5;
				INFOPLIST_FILE = CurrencyCalculator/Info.plist;
				LD_RUNPATH_SEARCH_PATHS = (
					"$(inherited)",
					"@executable_path/Frameworks",
				);
				PRODUCT_BUNDLE_IDENTIFIER = com.cemsezeroglu.CurrencyCalculator;
				PRODUCT_NAME = "$(TARGET_NAME)";
				SWIFT_VERSION = 5.0;
				TARGETED_DEVICE_FAMILY = "1,2";
			};
			name = Debug;
		};
		A80B8BD8265A423800904012 /* Release */ = {
			isa = XCBuildConfiguration;
			baseConfigurationReference = D31595A46D4BBFCE2218CEC2 /* Pods-CurrencyCalculator.release.xcconfig */;
			buildSettings = {
				ASSETCATALOG_COMPILER_APPICON_NAME = AppIcon;
				ASSETCATALOG_COMPILER_GLOBAL_ACCENT_COLOR_NAME = AccentColor;
				CODE_SIGN_STYLE = Automatic;
				DEVELOPMENT_TEAM = ZDG25F63H5;
				INFOPLIST_FILE = CurrencyCalculator/Info.plist;
				LD_RUNPATH_SEARCH_PATHS = (
					"$(inherited)",
					"@executable_path/Frameworks",
				);
				PRODUCT_BUNDLE_IDENTIFIER = com.cemsezeroglu.CurrencyCalculator;
				PRODUCT_NAME = "$(TARGET_NAME)";
				SWIFT_VERSION = 5.0;
				TARGETED_DEVICE_FAMILY = "1,2";
			};
			name = Release;
		};
/* End XCBuildConfiguration section */

/* Begin XCConfigurationList section */
		A80B8BBD265A423500904012 /* Build configuration list for PBXProject "CurrencyCalculator" */ = {
			isa = XCConfigurationList;
			buildConfigurations = (
				A80B8BD4265A423800904012 /* Debug */,
				A80B8BD5265A423800904012 /* Release */,
			);
			defaultConfigurationIsVisible = 0;
			defaultConfigurationName = Release;
		};
		A80B8BD6265A423800904012 /* Build configuration list for PBXNativeTarget "CurrencyCalculator" */ = {
			isa = XCConfigurationList;
			buildConfigurations = (
				A80B8BD7265A423800904012 /* Debug */,
				A80B8BD8265A423800904012 /* Release */,
			);
			defaultConfigurationIsVisible = 0;
			defaultConfigurationName = Release;
		};
/* End XCConfigurationList section */
	};
	rootObject = A80B8BBA265A423500904012 /* Project object */;
}
